
Microsoft Visual Studio Solution File, Format Version 12.00
# Visual Studio Version 17
VisualStudioVersion = 17.2.32526.322
MinimumVisualStudioVersion = 10.0.40219.1
Project("{FAE04EC0-301F-11D3-BF4B-00C04F79EFBC}") = "I18next Demo", "I18next Demo\I18next Demo.csproj", "{DA9B6297-4794-4DE9-9B97-998799C54763}"
EndProject
Global
	GlobalSection(SolutionConfigurationPlatforms) = preSolution
		Debug|Any CPU = Debug|Any CPU
		Release|Any CPU = Release|Any CPU
	EndGlobalSection
	GlobalSection(ProjectConfigurationPlatforms) = postSolution
		{DA9B6297-4794-4DE9-9B97-998799C54763}.Debug|Any CPU.ActiveCfg = Debug|Any CPU
		{DA9B6297-4794-4DE9-9B97-998799C54763}.Debug|Any CPU.Build.0 = Debug|Any CPU
		{DA9B6297-4794-4DE9-9B97-998799C54763}.Release|Any CPU.ActiveCfg = Release|Any CPU
		{DA9B6297-4794-4DE9-9B97-998799C54763}.Release|Any CPU.Build.0 = Release|Any CPU
	EndGlobalSection
	GlobalSection(SolutionProperties) = preSolution
		HideSolutionNode = FALSE
	EndGlobalSection
	GlobalSection(ExtensibilityGlobals) = postSolution
		SolutionGuid = {CECD7965-3776-4EBC-BB69-B24DF0BB68EF}
	EndGlobalSection
EndGlobal
